# SPDX-License-Identifier: MIT-0
---
- name: Unlock (systemd)
  ansible.builtin.shell:
    cmd: |
      set -o pipefail
      loginctl unlock-session $(loginctl list-sessions --no-legend  | grep -i seat | awk '{ print $1 }')
  when:
    - controls_lockable
    - ansible_service_mgr == 'systemd'
    - not controls_lock_with_slock
  tags:
    - unlock

- name: Unlock (slock)
  ansible.builtin.shell:
    cmd: "killall -q slock || true"
  become: true
  when:
    - controls_lockable
    - controls_lock_with_slock
  tags:
    - unlock
